
Microsoft Visual Studio Solution File, Format Version 12.00
# Visual Studio Version 16
VisualStudioVersion = 16.0.29201.188
MinimumVisualStudioVersion = 10.0.40219.1
Project("{FAE04EC0-301F-11D3-BF4B-00C04F79EFBC}") = "Lab23SWAPI", "Lab23SWAPI\Lab23SWAPI.csproj", "{4D3C3CF1-36AD-4836-9D5C-67F5AFC897C0}"
EndProject
Global
	GlobalSection(SolutionConfigurationPlatforms) = preSolution
		Debug|Any CPU = Debug|Any CPU
		Release|Any CPU = Release|Any CPU
	EndGlobalSection
	GlobalSection(ProjectConfigurationPlatforms) = postSolution
		{4D3C3CF1-36AD-4836-9D5C-67F5AFC897C0}.Debug|Any CPU.ActiveCfg = Debug|Any CPU
		{4D3C3CF1-36AD-4836-9D5C-67F5AFC897C0}.Debug|Any CPU.Build.0 = Debug|Any CPU
		{4D3C3CF1-36AD-4836-9D5C-67F5AFC897C0}.Release|Any CPU.ActiveCfg = Release|Any CPU
		{4D3C3CF1-36AD-4836-9D5C-67F5AFC897C0}.Release|Any CPU.Build.0 = Release|Any CPU
	EndGlobalSection
	GlobalSection(SolutionProperties) = preSolution
		HideSolutionNode = FALSE
	EndGlobalSection
	GlobalSection(ExtensibilityGlobals) = postSolution
		SolutionGuid = {51DC2D54-0705-4893-9F9A-36B162CBC7C0}
	EndGlobalSection
EndGlobal
